
Microsoft Visual Studio Solution File, Format Version 12.00
# Visual Studio Version 17
VisualStudioVersion = 17.4.33110.190
MinimumVisualStudioVersion = 10.0.40219.1
Project("{9A19103F-16F7-4668-BE54-9A1E7A4F7556}") = "ObjectPool", "ObjectPool\ObjectPool.csproj", "{20DCADFD-EB7C-4224-B26C-F92C1F79BEC4}"
EndProject
Project("{9A19103F-16F7-4668-BE54-9A1E7A4F7556}") = "ObjectPool.Tests", "ObjectPool.Tests\ObjectPool.Tests.csproj", "{174FC8FA-E52A-49D5-B91E-8CB2B42C9305}"
EndProject
Project("{9A19103F-16F7-4668-BE54-9A1E7A4F7556}") = "ObjectPool.Console", "ObjectPool.Console\ObjectPool.Console.csproj", "{58A11D59-833E-4D9E-AF19-BA30F55A7AE8}"
EndProject
Global
	GlobalSection(SolutionConfigurationPlatforms) = preSolution
		Debug|Any CPU = Debug|Any CPU
		Release|Any CPU = Release|Any CPU
	EndGlobalSection
	GlobalSection(ProjectConfigurationPlatforms) = postSolution
		{20DCADFD-EB7C-4224-B26C-F92C1F79BEC4}.Debug|Any CPU.ActiveCfg = Debug|Any CPU
		{20DCADFD-EB7C-4224-B26C-F92C1F79BEC4}.Debug|Any CPU.Build.0 = Debug|Any CPU
		{20DCADFD-EB7C-4224-B26C-F92C1F79BEC4}.Release|Any CPU.ActiveCfg = Release|Any CPU
		{20DCADFD-EB7C-4224-B26C-F92C1F79BEC4}.Release|Any CPU.Build.0 = Release|Any CPU
		{174FC8FA-E52A-49D5-B91E-8CB2B42C9305}.Debug|Any CPU.ActiveCfg = Debug|Any CPU
		{174FC8FA-E52A-49D5-B91E-8CB2B42C9305}.Debug|Any CPU.Build.0 = Debug|Any CPU
		{174FC8FA-E52A-49D5-B91E-8CB2B42C9305}.Release|Any CPU.ActiveCfg = Release|Any CPU
		{174FC8FA-E52A-49D5-B91E-8CB2B42C9305}.Release|Any CPU.Build.0 = Release|Any CPU
		{58A11D59-833E-4D9E-AF19-BA30F55A7AE8}.Debug|Any CPU.ActiveCfg = Debug|Any CPU
		{58A11D59-833E-4D9E-AF19-BA30F55A7AE8}.Debug|Any CPU.Build.0 = Debug|Any CPU
		{58A11D59-833E-4D9E-AF19-BA30F55A7AE8}.Release|Any CPU.ActiveCfg = Release|Any CPU
		{58A11D59-833E-4D9E-AF19-BA30F55A7AE8}.Release|Any CPU.Build.0 = Release|Any CPU
	EndGlobalSection
	GlobalSection(SolutionProperties) = preSolution
		HideSolutionNode = FALSE
	EndGlobalSection
	GlobalSection(ExtensibilityGlobals) = postSolution
		SolutionGuid = {62078F11-2E50-47F7-AD90-29AF08E17F5C}
	EndGlobalSection
EndGlobal
